<?xml version="1.0" encoding="utf-8"?>
<Project ToolsVersion="4.0" xmlns="http://schemas.microsoft.com/developer/msbuild/2003">
  <ItemGroup>
    <Filter Include="File di origine">
      <UniqueIdentifier>{4FC737F1-C7A5-4376-A066-2A32D752A2FF}</UniqueIdentifier>
      <Extensions>cpp;c;cc;cxx;c++;cppm;ixx;def;odl;idl;hpj;bat;asm;asmx</Extensions>
    </Filter>
    <Filter Include="File di intestazione">
      <UniqueIdentifier>{93995380-89BD-4b04-88EB-625FBE52EBFB}</UniqueIdentifier>
      <Extensions>h;hh;hpp;hxx;h++;hm;inl;inc;ipp;xsd</Extensions>
    </Filter>
    <Filter Include="File di risorse">
      <UniqueIdentifier>{67DA6AB6-F800-4c08-8B7A-83BB121AAD01}</UniqueIdentifier>
      <Extensions>rc;ico;cur;bmp;dlg;rc2;rct;bin;rgs;gif;jpg;jpeg;jpe;resx;tiff;tif;png;wav;mfcribbon-ms</Extensions>
    </Filter>
    <Filter Include="File di intestazione\Framework">
      <UniqueIdentifier>{859f9961-8ea2-4cba-88e1-6f10d9d149ee}</UniqueIdentifier>
    </Filter>
    <Filter Include="File di intestazione\Framework\Managers">
      <UniqueIdentifier>{0005574a-2ff5-4642-a4b9-bf691b349faf}</UniqueIdentifier>
    </Filter>
    <Filter Include="File di intestazione\Framework\GameObjects">
      <UniqueIdentifier>{d1a24dc0-42fb-407d-b423-c69883335380}</UniqueIdentifier>
    </Filter>
    <Filter Include="File di origine\Framework">
      <UniqueIdentifier>{3af4f767-90b3-4308-89e0-e9a04f702fb6}</UniqueIdentifier>
    </Filter>
    <Filter Include="File di origine\Framework\Managers">
      <UniqueIdentifier>{b415ed2d-da3b-4c63-b737-2fb9983fab08}</UniqueIdentifier>
    </Filter>
    <Filter Include="File di origine\Framework\GameObjects">
      <UniqueIdentifier>{722411b6-7976-4639-a66f-6ef6ee6e8e8b}</UniqueIdentifier>
    </Filter>
    <Filter Include="File di intestazione\Framework\GameObjects\ObjectUtils">
      <UniqueIdentifier>{44fc1b20-5d23-4b18-9fff-df77b1a2d10c}</UniqueIdentifier>
    </Filter>
    <Filter Include="File di origine\Framework\GameObjects\ObjectUtils">
      <UniqueIdentifier>{de4be354-bc25-4b9b-8ee0-132a781b0720}</UniqueIdentifier>
    </Filter>
    <Filter Include="File di origine\Applicaation">
      <UniqueIdentifier>{04142f6a-3dd4-4efe-9758-f6f0d54d001f}</UniqueIdentifier>
    </Filter>
    <Filter Include="File di intestazione\Application">
      <UniqueIdentifier>{1f6d9a12-c83e-40e1-91d9-b1dd12f5b6a6}</UniqueIdentifier>
    </Filter>
  </ItemGroup>
  <ItemGroup>
    <ClCompile Include="PathfindingAlgorithmsProject.cpp">
      <Filter>File di origine</Filter>
    </ClCompile>
    <ClCompile Include="GameObject.cpp">
      <Filter>File di origine\Framework\GameObjects</Filter>
    </ClCompile>
    <ClCompile Include="GameManager.cpp">
      <Filter>File di origine\Framework\Managers</Filter>
    </ClCompile>
    <ClCompile Include="GraphicManager.cpp">
      <Filter>File di origine\Framework\Managers</Filter>
    </ClCompile>
    <ClCompile Include="ClockManager.cpp">
      <Filter>File di origine\Framework\Managers</Filter>
    </ClCompile>
    <ClCompile Include="Managers.cpp">
      <Filter>File di origine\Framework\Managers</Filter>
    </ClCompile>
    <ClCompile Include="Sprite.cpp">
      <Filter>File di origine\Framework\GameObjects</Filter>
    </ClCompile>
    <ClCompile Include="AssetsManager.cpp">
      <Filter>File di origine\Framework\Managers</Filter>
    </ClCompile>
    <ClCompile Include="GameObjectsManager.cpp">
      <Filter>File di origine\Framework\Managers</Filter>
    </ClCompile>
    <ClCompile Include="ApplicationMain.cpp">
      <Filter>File di origine\Applicaation</Filter>
    </ClCompile>
  </ItemGroup>
  <ItemGroup>
    <ClInclude Include="GameObject.h">
      <Filter>File di intestazione\Framework\GameObjects</Filter>
    </ClInclude>
    <ClInclude Include="GameManager.h">
      <Filter>File di intestazione\Framework\Managers</Filter>
    </ClInclude>
    <ClInclude Include="GraphicManager.h">
      <Filter>File di intestazione\Framework\Managers</Filter>
    </ClInclude>
    <ClInclude Include="ClockManager.h">
      <Filter>File di intestazione\Framework\Managers</Filter>
    </ClInclude>
    <ClInclude Include="Managers.h">
      <Filter>File di intestazione\Framework\Managers</Filter>
    </ClInclude>
    <ClInclude Include="Sprite.h">
      <Filter>File di intestazione\Framework\GameObjects</Filter>
    </ClInclude>
    <ClInclude Include="Image.h">
      <Filter>File di intestazione\Framework\GameObjects\ObjectUtils</Filter>
    </ClInclude>
    <ClInclude Include="AssetsManager.h">
      <Filter>File di intestazione\Framework\Managers</Filter>
    </ClInclude>
    <ClInclude Include="GameObjectsManager.h">
      <Filter>File di intestazione\Framework\Managers</Filter>
    </ClInclude>
    <ClInclude Include="ApplicationMain.h">
      <Filter>File di intestazione\Application</Filter>
    </ClInclude>
  </ItemGroup>
</Project>